
Microsoft Visual Studio Solution File, Format Version 12.00
# Visual Studio Version 17
VisualStudioVersion = 17.13.35806.99 d17.13
MinimumVisualStudioVersion = 10.0.40219.1
Project("{FAE04EC0-301F-11D3-BF4B-00C04F79EFBC}") = "Brain-Sprint", "Brain-Sprint.csproj", "{BC7CC719-9628-48CC-AA39-53B951F322BE}"
EndProject
Project("{FAE04EC0-301F-11D3-BF4B-00C04F79EFBC}") = "Brain-Sprint.DataAccess", "..\Brain-Sprint.DataAccess\Brain-Sprint.DataAccess.csproj", "{AAF64173-891E-4C16-88A8-70859F766152}"
EndProject
Project("{FAE04EC0-301F-11D3-BF4B-00C04F79EFBC}") = "Brain-Sprint.Models", "..\Brain-Sprint.Models\Brain-Sprint.Models.csproj", "{C26850A6-88E9-46BC-B3EA-0DFD838C9121}"
EndProject
Project("{FAE04EC0-301F-11D3-BF4B-00C04F79EFBC}") = "Brain-Sprint.Utilitie", "..\Brain-Sprint.Utilitie\Brain-Sprint.Utilitie.csproj", "{EDEC2285-5569-41D8-8B5C-23A53A1CD86B}"
EndProject
Global
	GlobalSection(SolutionConfigurationPlatforms) = preSolution
		Debug|Any CPU = Debug|Any CPU
		Release|Any CPU = Release|Any CPU
	EndGlobalSection
	GlobalSection(ProjectConfigurationPlatforms) = postSolution
		{BC7CC719-9628-48CC-AA39-53B951F322BE}.Debug|Any CPU.ActiveCfg = Debug|Any CPU
		{BC7CC719-9628-48CC-AA39-53B951F322BE}.Debug|Any CPU.Build.0 = Debug|Any CPU
		{BC7CC719-9628-48CC-AA39-53B951F322BE}.Release|Any CPU.ActiveCfg = Release|Any CPU
		{BC7CC719-9628-48CC-AA39-53B951F322BE}.Release|Any CPU.Build.0 = Release|Any CPU
		{AAF64173-891E-4C16-88A8-70859F766152}.Debug|Any CPU.ActiveCfg = Debug|Any CPU
		{AAF64173-891E-4C16-88A8-70859F766152}.Debug|Any CPU.Build.0 = Debug|Any CPU
		{AAF64173-891E-4C16-88A8-70859F766152}.Release|Any CPU.ActiveCfg = Release|Any CPU
		{AAF64173-891E-4C16-88A8-70859F766152}.Release|Any CPU.Build.0 = Release|Any CPU
		{C26850A6-88E9-46BC-B3EA-0DFD838C9121}.Debug|Any CPU.ActiveCfg = Debug|Any CPU
		{C26850A6-88E9-46BC-B3EA-0DFD838C9121}.Debug|Any CPU.Build.0 = Debug|Any CPU
		{C26850A6-88E9-46BC-B3EA-0DFD838C9121}.Release|Any CPU.ActiveCfg = Release|Any CPU
		{C26850A6-88E9-46BC-B3EA-0DFD838C9121}.Release|Any CPU.Build.0 = Release|Any CPU
		{EDEC2285-5569-41D8-8B5C-23A53A1CD86B}.Debug|Any CPU.ActiveCfg = Debug|Any CPU
		{EDEC2285-5569-41D8-8B5C-23A53A1CD86B}.Debug|Any CPU.Build.0 = Debug|Any CPU
		{EDEC2285-5569-41D8-8B5C-23A53A1CD86B}.Release|Any CPU.ActiveCfg = Release|Any CPU
		{EDEC2285-5569-41D8-8B5C-23A53A1CD86B}.Release|Any CPU.Build.0 = Release|Any CPU
	EndGlobalSection
	GlobalSection(SolutionProperties) = preSolution
		HideSolutionNode = FALSE
	EndGlobalSection
	GlobalSection(ExtensibilityGlobals) = postSolution
		SolutionGuid = {C8185065-0E62-4BE6-A0D5-0B4FCFB0C1D6}
	EndGlobalSection
EndGlobal
